
Microsoft Visual Studio Solution File, Format Version 12.00
# Visual Studio 2012
Project("{FAE04EC0-301F-11D3-BF4B-00C04F79EFBC}") = "Score", "Score\Score.csproj", "{4DEE1352-42EC-49E5-A022-8FBFD5BB2DD9}"
EndProject
Project("{FAE04EC0-301F-11D3-BF4B-00C04F79EFBC}") = "Score.Examples", "Score.Examples\Score.Examples.csproj", "{5EE3AFC6-EC82-4B33-9210-2A1264A78A6B}"
EndProject
Global
	GlobalSection(SolutionConfigurationPlatforms) = preSolution
		Debug|Any CPU = Debug|Any CPU
		Release|Any CPU = Release|Any CPU
	EndGlobalSection
	GlobalSection(ProjectConfigurationPlatforms) = postSolution
		{4DEE1352-42EC-49E5-A022-8FBFD5BB2DD9}.Debug|Any CPU.ActiveCfg = Debug|Any CPU
		{4DEE1352-42EC-49E5-A022-8FBFD5BB2DD9}.Debug|Any CPU.Build.0 = Debug|Any CPU
		{4DEE1352-42EC-49E5-A022-8FBFD5BB2DD9}.Release|Any CPU.ActiveCfg = Release|Any CPU
		{4DEE1352-42EC-49E5-A022-8FBFD5BB2DD9}.Release|Any CPU.Build.0 = Release|Any CPU
		{5EE3AFC6-EC82-4B33-9210-2A1264A78A6B}.Debug|Any CPU.ActiveCfg = Debug|Any CPU
		{5EE3AFC6-EC82-4B33-9210-2A1264A78A6B}.Debug|Any CPU.Build.0 = Debug|Any CPU
		{5EE3AFC6-EC82-4B33-9210-2A1264A78A6B}.Release|Any CPU.ActiveCfg = Release|Any CPU
		{5EE3AFC6-EC82-4B33-9210-2A1264A78A6B}.Release|Any CPU.Build.0 = Release|Any CPU
	EndGlobalSection
	GlobalSection(SolutionProperties) = preSolution
		HideSolutionNode = FALSE
	EndGlobalSection
EndGlobal
